// !$*UTF8*$!
{
	archiveVersion = 1;
	classes = {
	};
	objectVersion = 46;
	objects = {

/* Begin PBXBuildFile section */
		19E7F0069349D2BA0FA0AE32 /* Pods_Tests_macOS.framework in Frameworks */ = {isa = PBXBuildFile; fileRef = 624232DE210E9483139ECF27 /* Pods_Tests_macOS.framework */; };
		57DFD51F1E503B5000F73439 /* Tests_iOS.swift in Sources */ = {isa = PBXBuildFile; fileRef = 57DFD51E1E503B5000F73439 /* Tests_iOS.swift */; };
		57DFD52B1E503B6700F73439 /* Tests_macOS.swift in Sources */ = {isa = PBXBuildFile; fileRef = 57DFD52A1E503B6700F73439 /* Tests_macOS.swift */; };
		73D455001D254274A211E6F9 /* Pods_Tests_iOS.framework in Frameworks */ = {isa = PBXBuildFile; fileRef = 25D21AD44077F7ADD5ABE993 /* Pods_Tests_iOS.framework */; };
/* End PBXBuildFile section */

/* Begin PBXFileReference section */
		05E907D33E8DFC2F406C77BA /* Pods-Tests-iOS.debug.xcconfig */ = {isa = PBXFileReference; includeInIndex = 1; lastKnownFileType = text.xcconfig; name = "Pods-Tests-iOS.debug.xcconfig"; path = "Pods/Target Support Files/Pods-Tests-iOS/Pods-Tests-iOS.debug.xcconfig"; sourceTree = "<group>"; };
		25D21AD44077F7ADD5ABE993 /* Pods_Tests_iOS.framework */ = {isa = PBXFileReference; explicitFileType = wrapper.framework; includeInIndex = 0; path = Pods_Tests_iOS.framework; sourceTree = BUILT_PRODUCTS_DIR; };
		57DFD51B1E503B5000F73439 /* Tests-iOS.xctest */ = {isa = PBXFileReference; explicitFileType = wrapper.cfbundle; includeInIndex = 0; path = "Tests-iOS.xctest"; sourceTree = BUILT_PRODUCTS_DIR; };
		57DFD51E1E503B5000F73439 /* Tests_iOS.swift */ = {isa = PBXFileReference; lastKnownFileType = sourcecode.swift; path = Tests_iOS.swift; sourceTree = "<group>"; };
		57DFD5201E503B5000F73439 /* Info.plist */ = {isa = PBXFileReference; lastKnownFileType = text.plist.xml; path = Info.plist; sourceTree = "<group>"; };
		57DFD5281E503B6700F73439 /* Tests-macOS.xctest */ = {isa = PBXFileReference; explicitFileType = wrapper.cfbundle; includeInIndex = 0; path = "Tests-macOS.xctest"; sourceTree = BUILT_PRODUCTS_DIR; };
		57DFD52A1E503B6700F73439 /* Tests_macOS.swift */ = {isa = PBXFileReference; lastKnownFileType = sourcecode.swift; path = Tests_macOS.swift; sourceTree = "<group>"; };
		57DFD52C1E503B6700F73439 /* Info.plist */ = {isa = PBXFileReference; lastKnownFileType = text.plist.xml; path = Info.plist; sourceTree = "<group>"; };
		6098FF15C65B460A34BF29D9 /* Pods-Tests-iOS.release.xcconfig */ = {isa = PBXFileReference; includeInIndex = 1; lastKnownFileType = text.xcconfig; name = "Pods-Tests-iOS.release.xcconfig"; path = "Pods/Target Support Files/Pods-Tests-iOS/Pods-Tests-iOS.release.xcconfig"; sourceTree = "<group>"; };
		624232DE210E9483139ECF27 /* Pods_Tests_macOS.framework */ = {isa = PBXFileReference; explicitFileType = wrapper.framework; includeInIndex = 0; path = Pods_Tests_macOS.framework; sourceTree = BUILT_PRODUCTS_DIR; };
		72AFEC22B11095EA14959211 /* Pods-Tests-macOS.release.xcconfig */ = {isa = PBXFileReference; includeInIndex = 1; lastKnownFileType = text.xcconfig; name = "Pods-Tests-macOS.release.xcconfig"; path = "Pods/Target Support Files/Pods-Tests-macOS/Pods-Tests-macOS.release.xcconfig"; sourceTree = "<group>"; };
		C8FFEBB0AB2E9C42A26C5643 /* Pods-Tests-macOS.debug.xcconfig */ = {isa = PBXFileReference; includeInIndex = 1; lastKnownFileType = text.xcconfig; name = "Pods-Tests-macOS.debug.xcconfig"; path = "Pods/Target Support Files/Pods-Tests-macOS/Pods-Tests-macOS.debug.xcconfig"; sourceTree = "<group>"; };
/* End PBXFileReference section */

/* Begin PBXFrameworksBuildPhase section */
		57DFD5181E503B5000F73439 /* Frameworks */ = {
			isa = PBXFrameworksBuildPhase;
			buildActionMask = 2147483647;
			files = (
				73D455001D254274A211E6F9 /* Pods_Tests_iOS.framework in Frameworks */,
			);
			runOnlyForDeploymentPostprocessing = 0;
		};
		57DFD5251E503B6700F73439 /* Frameworks */ = {
			isa = PBXFrameworksBuildPhase;
			buildActionMask = 2147483647;
			files = (
				19E7F0069349D2BA0FA0AE32 /* Pods_Tests_macOS.framework in Frameworks */,
			);
			runOnlyForDeploymentPostprocessing = 0;
		};
/* End PBXFrameworksBuildPhase section */

/* Begin PBXGroup section */
		1202B87C8D8A129CD28C892A /* Frameworks */ = {
			isa = PBXGroup;
			children = (
				25D21AD44077F7ADD5ABE993 /* Pods_Tests_iOS.framework */,
				624232DE210E9483139ECF27 /* Pods_Tests_macOS.framework */,
			);
			name = Frameworks;
			sourceTree = "<group>";
		};
		57DFD5101E503B3C00F73439 = {
			isa = PBXGroup;
			children = (
				57DFD51D1E503B5000F73439 /* Tests-iOS */,
				57DFD5291E503B6700F73439 /* Tests-macOS */,
				57DFD51C1E503B5000F73439 /* Products */,
				9A739B192E131F17951CC487 /* Pods */,
				1202B87C8D8A129CD28C892A /* Frameworks */,
			);
			sourceTree = "<group>";
		};
		57DFD51C1E503B5000F73439 /* Products */ = {
			isa = PBXGroup;
			children = (
				57DFD51B1E503B5000F73439 /* Tests-iOS.xctest */,
				57DFD5281E503B6700F73439 /* Tests-macOS.xctest */,
			);
			name = Products;
			sourceTree = "<group>";
		};
		57DFD51D1E503B5000F73439 /* Tests-iOS */ = {
			isa = PBXGroup;
			children = (
				57DFD51E1E503B5000F73439 /* Tests_iOS.swift */,
				57DFD5201E503B5000F73439 /* Info.plist */,
			);
			path = "Tests-iOS";
			sourceTree = "<group>";
		};
		57DFD5291E503B6700F73439 /* Tests-macOS */ = {
			isa = PBXGroup;
			children = (
				57DFD52A1E503B6700F73439 /* Tests_macOS.swift */,
				57DFD52C1E503B6700F73439 /* Info.plist */,
			);
			path = "Tests-macOS";
			sourceTree = "<group>";
		};
		9A739B192E131F17951CC487 /* Pods */ = {
			isa = PBXGroup;
			children = (
				05E907D33E8DFC2F406C77BA /* Pods-Tests-iOS.debug.xcconfig */,
				6098FF15C65B460A34BF29D9 /* Pods-Tests-iOS.release.xcconfig */,
				C8FFEBB0AB2E9C42A26C5643 /* Pods-Tests-macOS.debug.xcconfig */,
				72AFEC22B11095EA14959211 /* Pods-Tests-macOS.release.xcconfig */,
			);
			name = Pods;
			sourceTree = "<group>";
		};
/* End PBXGroup section */

/* Begin PBXNativeTarget section */
		57DFD51A1E503B5000F73439 /* Tests-iOS */ = {
			isa = PBXNativeTarget;
			buildConfigurationList = 57DFD5211E503B5000F73439 /* Build configuration list for PBXNativeTarget "Tests-iOS" */;
			buildPhases = (
				75D127B354463EA89500F3FE /* [CP] Check Pods Manifest.lock */,
				57DFD5171E503B5000F73439 /* Sources */,
				57DFD5181E503B5000F73439 /* Frameworks */,
				57DFD5191E503B5000F73439 /* Resources */,
				0BB272EE6C5936D3101BC404 /* [CP] Embed Pods Frameworks */,
				5A1CC085160987AE90535DE9 /* [CP] Copy Pods Resources */,
			);
			buildRules = (
			);
			dependencies = (
			);
			name = "Tests-iOS";
			productName = "Tests-iOS";
			productReference = 57DFD51B1E503B5000F73439 /* Tests-iOS.xctest */;
			productType = "com.apple.product-type.bundle.unit-test";
		};
		57DFD5271E503B6700F73439 /* Tests-macOS */ = {
			isa = PBXNativeTarget;
			buildConfigurationList = 57DFD52D1E503B6700F73439 /* Build configuration list for PBXNativeTarget "Tests-macOS" */;
			buildPhases = (
				D828EB9C2A0ECE1453F6922A /* [CP] Check Pods Manifest.lock */,
				57DFD5241E503B6700F73439 /* Sources */,
				57DFD5251E503B6700F73439 /* Frameworks */,
				57DFD5261E503B6700F73439 /* Resources */,
				879CC91AB066FA06F3D5F099 /* [CP] Embed Pods Frameworks */,
				EE4E682EDC71054EF3F8E857 /* [CP] Copy Pods Resources */,
			);
			buildRules = (
			);
			dependencies = (
			);
			name = "Tests-macOS";
			productName = "Tests-macOS";
			productReference = 57DFD5281E503B6700F73439 /* Tests-macOS.xctest */;
			productType = "com.apple.product-type.bundle.unit-test";
		};
/* End PBXNativeTarget section */

/* Begin PBXProject section */
		57DFD5111E503B3C00F73439 /* Project object */ = {
			isa = PBXProject;
			attributes = {
				LastSwiftUpdateCheck = 0820;
				LastUpgradeCheck = 0820;
				TargetAttributes = {
					57DFD51A1E503B5000F73439 = {
						CreatedOnToolsVersion = 8.2.1;
						DevelopmentTeam = 745EQ72LZX;
						ProvisioningStyle = Automatic;
					};
					57DFD5271E503B6700F73439 = {
						CreatedOnToolsVersion = 8.2.1;
						DevelopmentTeam = 745EQ72LZX;
						ProvisioningStyle = Automatic;
					};
				};
			};
			buildConfigurationList = 57DFD5141E503B3C00F73439 /* Build configuration list for PBXProject "TestProject" */;
			compatibilityVersion = "Xcode 3.2";
			developmentRegion = English;
			hasScannedForEncodings = 0;
			knownRegions = (
				en,
			);
			mainGroup = 57DFD5101E503B3C00F73439;
			productRefGroup = 57DFD51C1E503B5000F73439 /* Products */;
			projectDirPath = "";
			projectRoot = "";
			targets = (
				57DFD51A1E503B5000F73439 /* Tests-iOS */,
				57DFD5271E503B6700F73439 /* Tests-macOS */,
			);
		};
/* End PBXProject section */

/* Begin PBXResourcesBuildPhase section */
		57DFD5191E503B5000F73439 /* Resources */ = {
			isa = PBXResourcesBuildPhase;
			buildActionMask = 2147483647;
			files = (
			);
			runOnlyForDeploymentPostprocessing = 0;
		};
		57DFD5261E503B6700F73439 /* Resources */ = {
			isa = PBXResourcesBuildPhase;
			buildActionMask = 2147483647;
			files = (
			);
			runOnlyForDeploymentPostprocessing = 0;
		};
/* End PBXResourcesBuildPhase section */

/* Begin PBXShellScriptBuildPhase section */
		0BB272EE6C5936D3101BC404 /* [CP] Embed Pods Frameworks */ = {
			isa = PBXShellScriptBuildPhase;
			buildActionMask = 2147483647;
			files = (
			);
			inputPaths = (
			);
			name = "[CP] Embed Pods Frameworks";
			outputPaths = (
			);
			runOnlyForDeploymentPostprocessing = 0;
			shellPath = /bin/sh;
			shellScript = "\"${SRCROOT}/Pods/Target Support Files/Pods-Tests-iOS/Pods-Tests-iOS-frameworks.sh\"\n";
			showEnvVarsInLog = 0;
		};
		5A1CC085160987AE90535DE9 /* [CP] Copy Pods Resources */ = {
			isa = PBXShellScriptBuildPhase;
			buildActionMask = 2147483647;
			files = (
			);
			inputPaths = (
			);
			name = "[CP] Copy Pods Resources";
			outputPaths = (
			);
			runOnlyForDeploymentPostprocessing = 0;
			shellPath = /bin/sh;
			shellScript = "\"${SRCROOT}/Pods/Target Support Files/Pods-Tests-iOS/Pods-Tests-iOS-resources.sh\"\n";
			showEnvVarsInLog = 0;
		};
		75D127B354463EA89500F3FE /* [CP] Check Pods Manifest.lock */ = {
			isa = PBXShellScriptBuildPhase;
			buildActionMask = 2147483647;
			files = (
			);
			inputPaths = (
			);
			name = "[CP] Check Pods Manifest.lock";
			outputPaths = (
			);
			runOnlyForDeploymentPostprocessing = 0;
			shellPath = /bin/sh;
			shellScript = "diff \"${PODS_ROOT}/../Podfile.lock\" \"${PODS_ROOT}/Manifest.lock\" > /dev/null\nif [ $? != 0 ] ; then\n    # print error to STDERR\n    echo \"error: The sandbox is not in sync with the Podfile.lock. Run 'pod install' or update your CocoaPods installation.\" >&2\n    exit 1\nfi\n";
			showEnvVarsInLog = 0;
		};
		879CC91AB066FA06F3D5F099 /* [CP] Embed Pods Frameworks */ = {
			isa = PBXShellScriptBuildPhase;
			buildActionMask = 2147483647;
			files = (
			);
			inputPaths = (
			);
			name = "[CP] Embed Pods Frameworks";
			outputPaths = (
			);
			runOnlyForDeploymentPostprocessing = 0;
			shellPath = /bin/sh;
			shellScript = "\"${SRCROOT}/Pods/Target Support Files/Pods-Tests-macOS/Pods-Tests-macOS-frameworks.sh\"\n";
			showEnvVarsInLog = 0;
		};
		D828EB9C2A0ECE1453F6922A /* [CP] Check Pods Manifest.lock */ = {
			isa = PBXShellScriptBuildPhase;
			buildActionMask = 2147483647;
			files = (
			);
			inputPaths = (
			);
			name = "[CP] Check Pods Manifest.lock";
			outputPaths = (
			);
			runOnlyForDeploymentPostprocessing = 0;
			shellPath = /bin/sh;
			shellScript = "diff \"${PODS_ROOT}/../Podfile.lock\" \"${PODS_ROOT}/Manifest.lock\" > /dev/null\nif [ $? != 0 ] ; then\n    # print error to STDERR\n    echo \"error: The sandbox is not in sync with the Podfile.lock. Run 'pod install' or update your CocoaPods installation.\" >&2\n    exit 1\nfi\n";
			showEnvVarsInLog = 0;
		};
		EE4E682EDC71054EF3F8E857 /* [CP] Copy Pods Resources */ = {
			isa = PBXShellScriptBuildPhase;
			buildActionMask = 2147483647;
			files = (
			);
			inputPaths = (
			);
			name = "[CP] Copy Pods Resources";
			outputPaths = (
			);
			runOnlyForDeploymentPostprocessing = 0;
			shellPath = /bin/sh;
			shellScript = "\"${SRCROOT}/Pods/Target Support Files/Pods-Tests-macOS/Pods-Tests-macOS-resources.sh\"\n";
			showEnvVarsInLog = 0;
		};
/* End PBXShellScriptBuildPhase section */

/* Begin PBXSourcesBuildPhase section */
		57DFD5171E503B5000F73439 /* Sources */ = {
			isa = PBXSourcesBuildPhase;
			buildActionMask = 2147483647;
			files = (
				57DFD51F1E503B5000F73439 /* Tests_iOS.swift in Sources */,
			);
			runOnlyForDeploymentPostprocessing = 0;
		};
		57DFD5241E503B6700F73439 /* Sources */ = {
			isa = PBXSourcesBuildPhase;
			buildActionMask = 2147483647;
			files = (
				57DFD52B1E503B6700F73439 /* Tests_macOS.swift in Sources */,
			);
			runOnlyForDeploymentPostprocessing = 0;
		};
/* End PBXSourcesBuildPhase section */

/* Begin XCBuildConfiguration section */
		57DFD5151E503B3C00F73439 /* Debug */ = {
			isa = XCBuildConfiguration;
			buildSettings = {
			};
			name = Debug;
		};
		57DFD5161E503B3C00F73439 /* Release */ = {
			isa = XCBuildConfiguration;
			buildSettings = {
			};
			name = Release;
		};
		57DFD5221E503B5000F73439 /* Debug */ = {
			isa = XCBuildConfiguration;
			baseConfigurationReference = 05E907D33E8DFC2F406C77BA /* Pods-Tests-iOS.debug.xcconfig */;
			buildSettings = {
				ALWAYS_SEARCH_USER_PATHS = NO;
				CLANG_ANALYZER_NONNULL = YES;
				CLANG_CXX_LANGUAGE_STANDARD = "gnu++0x";
				CLANG_CXX_LIBRARY = "libc++";
				CLANG_ENABLE_MODULES = YES;
				CLANG_ENABLE_OBJC_ARC = YES;
				CLANG_WARN_BOOL_CONVERSION = YES;
				CLANG_WARN_CONSTANT_CONVERSION = YES;
				CLANG_WARN_DIRECT_OBJC_ISA_USAGE = YES_ERROR;
				CLANG_WARN_DOCUMENTATION_COMMENTS = YES;
				CLANG_WARN_EMPTY_BODY = YES;
				CLANG_WARN_ENUM_CONVERSION = YES;
				CLANG_WARN_INFINITE_RECURSION = YES;
				CLANG_WARN_INT_CONVERSION = YES;
				CLANG_WARN_OBJC_ROOT_CLASS = YES_ERROR;
				CLANG_WARN_SUSPICIOUS_MOVE = YES;
				CLANG_WARN_UNREACHABLE_CODE = YES;
				CLANG_WARN__DUPLICATE_METHOD_MATCH = YES;
				"CODE_SIGN_IDENTITY[sdk=iphoneos*]" = "iPhone Developer";
				COPY_PHASE_STRIP = NO;
				DEBUG_INFORMATION_FORMAT = dwarf;
				DEVELOPMENT_TEAM = 745EQ72LZX;
				ENABLE_STRICT_OBJC_MSGSEND = YES;
				ENABLE_TESTABILITY = YES;
				GCC_C_LANGUAGE_STANDARD = gnu99;
				GCC_DYNAMIC_NO_PIC = NO;
				GCC_NO_COMMON_BLOCKS = YES;
				GCC_OPTIMIZATION_LEVEL = 0;
				GCC_PREPROCESSOR_DEFINITIONS = (
					"DEBUG=1",
					"$(inherited)",
				);
				GCC_WARN_64_TO_32_BIT_CONVERSION = YES;
				GCC_WARN_ABOUT_RETURN_TYPE = YES_ERROR;
				GCC_WARN_UNDECLARED_SELECTOR = YES;
				GCC_WARN_UNINITIALIZED_AUTOS = YES_AGGRESSIVE;
				GCC_WARN_UNUSED_FUNCTION = YES;
				GCC_WARN_UNUSED_VARIABLE = YES;
				INFOPLIST_FILE = "Tests-iOS/Info.plist";
				IPHONEOS_DEPLOYMENT_TARGET = 10.2;
				LD_RUNPATH_SEARCH_PATHS = "$(inherited) @executable_path/Frameworks @loader_path/Frameworks";
				MTL_ENABLE_DEBUG_INFO = YES;
				ONLY_ACTIVE_ARCH = YES;
				PRODUCT_BUNDLE_IDENTIFIER = "com.letvargo.Tests-iOS";
				PRODUCT_NAME = "$(TARGET_NAME)";
				SDKROOT = iphoneos;
				SWIFT_ACTIVE_COMPILATION_CONDITIONS = DEBUG;
				SWIFT_OPTIMIZATION_LEVEL = "-Onone";
				SWIFT_VERSION = 3.0;
			};
			name = Debug;
		};
		57DFD5231E503B5000F73439 /* Release */ = {
			isa = XCBuildConfiguration;
			baseConfigurationReference = 6098FF15C65B460A34BF29D9 /* Pods-Tests-iOS.release.xcconfig */;
			buildSettings = {
				ALWAYS_SEARCH_USER_PATHS = NO;
				CLANG_ANALYZER_NONNULL = YES;
				CLANG_CXX_LANGUAGE_STANDARD = "gnu++0x";
				CLANG_CXX_LIBRARY = "libc++";
				CLANG_ENABLE_MODULES = YES;
				CLANG_ENABLE_OBJC_ARC = YES;
				CLANG_WARN_BOOL_CONVERSION = YES;
				CLANG_WARN_CONSTANT_CONVERSION = YES;
				CLANG_WARN_DIRECT_OBJC_ISA_USAGE = YES_ERROR;
				CLANG_WARN_DOCUMENTATION_COMMENTS = YES;
				CLANG_WARN_EMPTY_BODY = YES;
				CLANG_WARN_ENUM_CONVERSION = YES;
				CLANG_WARN_INFINITE_RECURSION = YES;
				CLANG_WARN_INT_CONVERSION = YES;
				CLANG_WARN_OBJC_ROOT_CLASS = YES_ERROR;
				CLANG_WARN_SUSPICIOUS_MOVE = YES;
				CLANG_WARN_UNREACHABLE_CODE = YES;
				CLANG_WARN__DUPLICATE_METHOD_MATCH = YES;
				"CODE_SIGN_IDENTITY[sdk=iphoneos*]" = "iPhone Developer";
				COPY_PHASE_STRIP = NO;
				DEBUG_INFORMATION_FORMAT = "dwarf-with-dsym";
				DEVELOPMENT_TEAM = 745EQ72LZX;
				ENABLE_NS_ASSERTIONS = NO;
				ENABLE_STRICT_OBJC_MSGSEND = YES;
				GCC_C_LANGUAGE_STANDARD = gnu99;
				GCC_NO_COMMON_BLOCKS = YES;
				GCC_WARN_64_TO_32_BIT_CONVERSION = YES;
				GCC_WARN_ABOUT_RETURN_TYPE = YES_ERROR;
				GCC_WARN_UNDECLARED_SELECTOR = YES;
				GCC_WARN_UNINITIALIZED_AUTOS = YES_AGGRESSIVE;
				GCC_WARN_UNUSED_FUNCTION = YES;
				GCC_WARN_UNUSED_VARIABLE = YES;
				INFOPLIST_FILE = "Tests-iOS/Info.plist";
				IPHONEOS_DEPLOYMENT_TARGET = 10.2;
				LD_RUNPATH_SEARCH_PATHS = "$(inherited) @executable_path/Frameworks @loader_path/Frameworks";
				MTL_ENABLE_DEBUG_INFO = NO;
				PRODUCT_BUNDLE_IDENTIFIER = "com.letvargo.Tests-iOS";
				PRODUCT_NAME = "$(TARGET_NAME)";
				SDKROOT = iphoneos;
				SWIFT_OPTIMIZATION_LEVEL = "-Owholemodule";
				SWIFT_VERSION = 3.0;
				VALIDATE_PRODUCT = YES;
			};
			name = Release;
		};
		57DFD52E1E503B6700F73439 /* Debug */ = {
			isa = XCBuildConfiguration;
			baseConfigurationReference = C8FFEBB0AB2E9C42A26C5643 /* Pods-Tests-macOS.debug.xcconfig */;
			buildSettings = {
				ALWAYS_SEARCH_USER_PATHS = NO;
				CLANG_ANALYZER_NONNULL = YES;
				CLANG_CXX_LANGUAGE_STANDARD = "gnu++0x";
				CLANG_CXX_LIBRARY = "libc++";
				CLANG_ENABLE_MODULES = YES;
				CLANG_ENABLE_OBJC_ARC = YES;
				CLANG_WARN_BOOL_CONVERSION = YES;
				CLANG_WARN_CONSTANT_CONVERSION = YES;
				CLANG_WARN_DIRECT_OBJC_ISA_USAGE = YES_ERROR;
				CLANG_WARN_DOCUMENTATION_COMMENTS = YES;
				CLANG_WARN_EMPTY_BODY = YES;
				CLANG_WARN_ENUM_CONVERSION = YES;
				CLANG_WARN_INFINITE_RECURSION = YES;
				CLANG_WARN_INT_CONVERSION = YES;
				CLANG_WARN_OBJC_ROOT_CLASS = YES_ERROR;
				CLANG_WARN_SUSPICIOUS_MOVE = YES;
				CLANG_WARN_UNREACHABLE_CODE = YES;
				CLANG_WARN__DUPLICATE_METHOD_MATCH = YES;
				CODE_SIGN_IDENTITY = "-";
				COMBINE_HIDPI_IMAGES = YES;
				COPY_PHASE_STRIP = NO;
				DEBUG_INFORMATION_FORMAT = dwarf;
				DEVELOPMENT_TEAM = 745EQ72LZX;
				ENABLE_STRICT_OBJC_MSGSEND = YES;
				ENABLE_TESTABILITY = YES;
				GCC_C_LANGUAGE_STANDARD = gnu99;
				GCC_DYNAMIC_NO_PIC = NO;
				GCC_NO_COMMON_BLOCKS = YES;
				GCC_OPTIMIZATION_LEVEL = 0;
				GCC_PREPROCESSOR_DEFINITIONS = (
					"DEBUG=1",
					"$(inherited)",
				);
				GCC_WARN_64_TO_32_BIT_CONVERSION = YES;
				GCC_WARN_ABOUT_RETURN_TYPE = YES_ERROR;
				GCC_WARN_UNDECLARED_SELECTOR = YES;
				GCC_WARN_UNINITIALIZED_AUTOS = YES_AGGRESSIVE;
				GCC_WARN_UNUSED_FUNCTION = YES;
				GCC_WARN_UNUSED_VARIABLE = YES;
				INFOPLIST_FILE = "Tests-macOS/Info.plist";
				LD_RUNPATH_SEARCH_PATHS = "$(inherited) @executable_path/../Frameworks @loader_path/../Frameworks";
				MACOSX_DEPLOYMENT_TARGET = 10.11;
				MTL_ENABLE_DEBUG_INFO = YES;
				ONLY_ACTIVE_ARCH = YES;
				PRODUCT_BUNDLE_IDENTIFIER = "com.letvargo.Tests-macOS";
				PRODUCT_NAME = "$(TARGET_NAME)";
				SDKROOT = macosx;
				SWIFT_ACTIVE_COMPILATION_CONDITIONS = DEBUG;
				SWIFT_OPTIMIZATION_LEVEL = "-Onone";
				SWIFT_VERSION = 3.0;
			};
			name = Debug;
		};
		57DFD52F1E503B6700F73439 /* Release */ = {
			isa = XCBuildConfiguration;
			baseConfigurationReference = 72AFEC22B11095EA14959211 /* Pods-Tests-macOS.release.xcconfig */;
			buildSettings = {
				ALWAYS_SEARCH_USER_PATHS = NO;
				CLANG_ANALYZER_NONNULL = YES;
				CLANG_CXX_LANGUAGE_STANDARD = "gnu++0x";
				CLANG_CXX_LIBRARY = "libc++";
				CLANG_ENABLE_MODULES = YES;
				CLANG_ENABLE_OBJC_ARC = YES;
				CLANG_WARN_BOOL_CONVERSION = YES;
				CLANG_WARN_CONSTANT_CONVERSION = YES;
				CLANG_WARN_DIRECT_OBJC_ISA_USAGE = YES_ERROR;
				CLANG_WARN_DOCUMENTATION_COMMENTS = YES;
				CLANG_WARN_EMPTY_BODY = YES;
				CLANG_WARN_ENUM_CONVERSION = YES;
				CLANG_WARN_INFINITE_RECURSION = YES;
				CLANG_WARN_INT_CONVERSION = YES;
				CLANG_WARN_OBJC_ROOT_CLASS = YES_ERROR;
				CLANG_WARN_SUSPICIOUS_MOVE = YES;
				CLANG_WARN_UNREACHABLE_CODE = YES;
				CLANG_WARN__DUPLICATE_METHOD_MATCH = YES;
				CODE_SIGN_IDENTITY = "-";
				COMBINE_HIDPI_IMAGES = YES;
				COPY_PHASE_STRIP = NO;
				DEBUG_INFORMATION_FORMAT = "dwarf-with-dsym";
				DEVELOPMENT_TEAM = 745EQ72LZX;
				ENABLE_NS_ASSERTIONS = NO;
				ENABLE_STRICT_OBJC_MSGSEND = YES;
				GCC_C_LANGUAGE_STANDARD = gnu99;
				GCC_NO_COMMON_BLOCKS = YES;
				GCC_WARN_64_TO_32_BIT_CONVERSION = YES;
				GCC_WARN_ABOUT_RETURN_TYPE = YES_ERROR;
				GCC_WARN_UNDECLARED_SELECTOR = YES;
				GCC_WARN_UNINITIALIZED_AUTOS = YES_AGGRESSIVE;
				GCC_WARN_UNUSED_FUNCTION = YES;
				GCC_WARN_UNUSED_VARIABLE = YES;
				INFOPLIST_FILE = "Tests-macOS/Info.plist";
				LD_RUNPATH_SEARCH_PATHS = "$(inherited) @executable_path/../Frameworks @loader_path/../Frameworks";
				MACOSX_DEPLOYMENT_TARGET = 10.11;
				MTL_ENABLE_DEBUG_INFO = NO;
				PRODUCT_BUNDLE_IDENTIFIER = "com.letvargo.Tests-macOS";
				PRODUCT_NAME = "$(TARGET_NAME)";
				SDKROOT = macosx;
				SWIFT_OPTIMIZATION_LEVEL = "-Owholemodule";
				SWIFT_VERSION = 3.0;
			};
			name = Release;
		};
/* End XCBuildConfiguration section */

/* Begin XCConfigurationList section */
		57DFD5141E503B3C00F73439 /* Build configuration list for PBXProject "TestProject" */ = {
			isa = XCConfigurationList;
			buildConfigurations = (
				57DFD5151E503B3C00F73439 /* Debug */,
				57DFD5161E503B3C00F73439 /* Release */,
			);
			defaultConfigurationIsVisible = 0;
			defaultConfigurationName = Release;
		};
		57DFD5211E503B5000F73439 /* Build configuration list for PBXNativeTarget "Tests-iOS" */ = {
			isa = XCConfigurationList;
			buildConfigurations = (
				57DFD5221E503B5000F73439 /* Debug */,
				57DFD5231E503B5000F73439 /* Release */,
			);
			defaultConfigurationIsVisible = 0;
		};
		57DFD52D1E503B6700F73439 /* Build configuration list for PBXNativeTarget "Tests-macOS" */ = {
			isa = XCConfigurationList;
			buildConfigurations = (
				57DFD52E1E503B6700F73439 /* Debug */,
				57DFD52F1E503B6700F73439 /* Release */,
			);
			defaultConfigurationIsVisible = 0;
		};
/* End XCConfigurationList section */
	};
	rootObject = 57DFD5111E503B3C00F73439 /* Project object */;
}
